{
  "name": "src",
  "lockfileVersion": 3,
  "requires": true,
  "packages": {
    "": {
      "dependencies": {
        "uikit": "^3.21.7"
      }
    },
    "node_modules/uikit": {
      "version": "3.21.7",
      "resolved": "https://registry.npmjs.org/uikit/-/uikit-3.21.7.tgz",
      "integrity": "sha512-DOyNI9Ne1Y1f/Tvg8tVTwXsN6nscPjUg1VzYl8qaauC/UV0CbN8oUGwigv3ZiIAXC6k+scaBa0CCbqZeZvmMgA==",
      "license": "MIT"
    }
  }
}
